[ "cowboy": {:git, "git://github.com/extend/cowboy.git", "5e5d8ab299a451ffbf0552bc2190a5fcbec08c16", []},
  "dynamo": {:git, "git://github.com/elixir-lang/dynamo.git", "38d7b6afdf2e232062a11c1f408c376d0e306ec3", []},
  "jazz": {:git, "git://github.com/devinus/jsonex.git", "b623538e836d0623b73d9492fa8c254870adc3cc", []},
  "jsonex": {:git, "git://github.com/devinus/jsonex.git", "b623538e836d0623b73d9492fa8c254870adc3cc", []},
  "jsx": {:git, "git://github.com/talentdeficit/jsx.git", "352d6b21cbec4fe1b66bc7ce3ded67a3b32add2c", []},
  "mimetypes": {:git, "git://github.com/spawngrid/mimetypes.git", "47d37a977a7d633199822bf6b08353007483d00f", []},
  "ranch": {:git, "git://github.com/extend/ranch.git", "4f70a16bbe08e446e8fec248ca345d5f8e7df038", [{:ref, "0.8.4"}]} ]
