[ "bcrypt": {:git, "git://github.com/smarkets/erlang-bcrypt.git", "14641089aa8ad8f9c17886c3ecf534868a282431", []},
  "cowboy": {:git, "git://github.com/extend/cowboy.git", "5e5d8ab299a451ffbf0552bc2190a5fcbec08c16", []},
  "dynamo": {:git, "git://github.com/elixir-lang/dynamo.git", "fde1fc029300db097f5e165679036d49cee8678e", []},
  "jsonex": {:git, "git://github.com/devinus/jsonex.git", "b623538e836d0623b73d9492fa8c254870adc3cc", []},
  "jsx": {:git, "git://github.com/talentdeficit/jsx.git", "352d6b21cbec4fe1b66bc7ce3ded67a3b32add2c", []},
  "mimetypes": {:git, "git://github.com/spawngrid/mimetypes.git", "47d37a977a7d633199822bf6b08353007483d00f", []},
  "ranch": {:git, "git://github.com/extend/ranch.git", "4f70a16bbe08e446e8fec248ca345d5f8e7df038", [{:ref, "0.8.4"}]} ]
